{
    "_meta": {
        "hash": {
            "sha256": "635edf1c73415ff6058a16ad73d553bf45f6e9c873f1a00ebc90a0de820c230d"
        },
        "pipfile-spec": 6,
        "requires": {
            "python_version": "3.6"
        },
        "sources": [
            {
                "name": "pypi",
                "url": "https://pypi.org/simple",
                "verify_ssl": true
            }
        ]
    },
    "default": {
        "bottle": {
            "hashes": [
                "sha256:3c97e1e955c11e4ad2d73a60cdf83c4f4cf7b8b73c8344fc4b72f985432605cb",
                "sha256:544023cd2cd6d382ebf9675fa0544d4d20e19d3a13b6932a812d099fb2f6cb84"
            ],
            "index": "pypi",
            "version": "==0.12.20"
        },
        "bottle-peewee": {
            "hashes": [
                "sha256:74ed3a0a619c9d4655f57984dd8b2f4e470bc9fdb5076362aed02d2efb434db4",
                "sha256:c20dec29701eed9d74ccc793f73f25153dc9426762be3a76ad064c7bc964c381"
            ],
            "index": "pypi",
            "version": "==0.1.5"
        },
        "inflection": {
            "hashes": [
                "sha256:18ea7fb7a7d152853386523def08736aa8c32636b047ade55f7578c4edeb16ca"
            ],
            "index": "pypi",
            "version": "==0.3.1"
        },
        "peewee": {
            "hashes": [
                "sha256:23271422b332c82d30c92597dee905ee831b56c6d99c33e05901e6891c75fe15"
            ],
            "version": "==3.14.10"
        },
        "yatl": {
            "hashes": [
                "sha256:2a4b31ec947c138192ec03d289976d6c46f1982127d22a6281826515ff6aa9bf"
            ],
            "index": "pypi",
            "version": "==1.0.3"
        }
    },
    "develop": {}
}
