{
    "_meta": {
        "hash": {
            "sha256": "635edf1c73415ff6058a16ad73d553bf45f6e9c873f1a00ebc90a0de820c230d"
        },
        "pipfile-spec": 6,
        "requires": {
            "python_version": "3.6"
        },
        "sources": [
            {
                "name": "pypi",
                "url": "https://pypi.org/simple",
                "verify_ssl": true
            }
        ]
    },
    "default": {
        "bottle": {
            "hashes": [
                "sha256:a9d73ffcbc6a1345ca2d7949638db46349f5b2b77dac65d6494d45c23628da2c",
                "sha256:f6b8a34fe9aa406f9813c02990db72ca69ce6a158b5b156d2c41f345016a723d"
            ],
            "index": "pypi",
            "version": "==0.12.19"
        },
        "bottle-peewee": {
            "hashes": [
                "sha256:74ed3a0a619c9d4655f57984dd8b2f4e470bc9fdb5076362aed02d2efb434db4",
                "sha256:c20dec29701eed9d74ccc793f73f25153dc9426762be3a76ad064c7bc964c381"
            ],
            "index": "pypi",
            "version": "==0.1.5"
        },
        "inflection": {
            "hashes": [
                "sha256:18ea7fb7a7d152853386523def08736aa8c32636b047ade55f7578c4edeb16ca"
            ],
            "index": "pypi",
            "version": "==0.3.1"
        },
        "peewee": {
            "hashes": [
                "sha256:9e356b327c2eaec6dd42ecea6f4ddded025793dba906a3d065a0452e726c51a2"
            ],
            "version": "==3.14.4"
        },
        "yatl": {
            "hashes": [
                "sha256:2a4b31ec947c138192ec03d289976d6c46f1982127d22a6281826515ff6aa9bf"
            ],
            "index": "pypi",
            "version": "==1.0.3"
        }
    },
    "develop": {}
}
